
Microsoft Visual Studio Solution File, Format Version 12.00
# Visual Studio Version 16
VisualStudioVersion = 16.0.29519.87
MinimumVisualStudioVersion = 10.0.40219.1
Project("{9A19103F-16F7-4668-BE54-9A1E7A4F7556}") = "Integruotos-programavimo-aplinkos", "Integruotos-programavimo-aplinkos\Integruotos-programavimo-aplinkos.csproj", "{AF4005AA-E65F-49B9-A716-6563BAFB14E1}"
EndProject
Project("{2150E333-8FDC-42A3-9474-1A3956D46DE8}") = "Doxygen", "Doxygen", "{B71089DB-370B-4C1E-B8E5-C94A9A4A17FD}"
	ProjectSection(SolutionItems) = preProject
		..\..\..\..\Documents\doxyen\export\html\_debug_2netcoreapp3_80_2_integruotos-programavimo-aplinkos_8_assembly_info_8cs.html = ..\..\..\..\Documents\doxyen\export\html\_debug_2netcoreapp3_80_2_integruotos-programavimo-aplinkos_8_assembly_info_8cs.html
		..\..\..\..\Documents\doxyen\export\html\_debug_2netcoreapp3_80_2_integruotos-programavimo-aplinkos_8_assembly_info_8cs_source.html = ..\..\..\..\Documents\doxyen\export\html\_debug_2netcoreapp3_80_2_integruotos-programavimo-aplinkos_8_assembly_info_8cs_source.html
		..\..\..\..\Documents\doxyen\export\html\_formulas_8cs.html = ..\..\..\..\Documents\doxyen\export\html\_formulas_8cs.html
		..\..\..\..\Documents\doxyen\export\html\_formulas_8cs_source.html = ..\..\..\..\Documents\doxyen\export\html\_formulas_8cs_source.html
		..\..\..\..\Documents\doxyen\export\html\_grades_8cs.html = ..\..\..\..\Documents\doxyen\export\html\_grades_8cs.html
		..\..\..\..\Documents\doxyen\export\html\_grades_8cs_source.html = ..\..\..\..\Documents\doxyen\export\html\_grades_8cs_source.html
		..\..\..\..\Documents\doxyen\export\html\_integruotos-programavimo-aplinkos_8csproj_8_file_list_absolute_8txt.html = ..\..\..\..\Documents\doxyen\export\html\_integruotos-programavimo-aplinkos_8csproj_8_file_list_absolute_8txt.html
		..\..\..\..\Documents\doxyen\export\html\_program_8cs.html = ..\..\..\..\Documents\doxyen\export\html\_program_8cs.html
		..\..\..\..\Documents\doxyen\export\html\_program_8cs_source.html = ..\..\..\..\Documents\doxyen\export\html\_program_8cs_source.html
		..\..\..\..\Documents\doxyen\export\html\_r_e_a_d_m_e_8md.html = ..\..\..\..\Documents\doxyen\export\html\_r_e_a_d_m_e_8md.html
		..\..\..\..\Documents\doxyen\export\html\_release_2netcoreapp3_80_2_integruotos-programavimo-aplinkos_8_assembly_info_8cs.html = ..\..\..\..\Documents\doxyen\export\html\_release_2netcoreapp3_80_2_integruotos-programavimo-aplinkos_8_assembly_info_8cs.html
		..\..\..\..\Documents\doxyen\export\html\_release_2netcoreapp3_80_2_integruotos-programavimo-aplinkos_8_assembly_info_8cs_source.html = ..\..\..\..\Documents\doxyen\export\html\_release_2netcoreapp3_80_2_integruotos-programavimo-aplinkos_8_assembly_info_8cs_source.html
		..\..\..\..\Documents\doxyen\export\html\_screen_manager_8cs.html = ..\..\..\..\Documents\doxyen\export\html\_screen_manager_8cs.html
		..\..\..\..\Documents\doxyen\export\html\_screen_manager_8cs_source.html = ..\..\..\..\Documents\doxyen\export\html\_screen_manager_8cs_source.html
		..\..\..\..\Documents\doxyen\export\html\_settings_8cs.html = ..\..\..\..\Documents\doxyen\export\html\_settings_8cs.html
		..\..\..\..\Documents\doxyen\export\html\_settings_8cs_source.html = ..\..\..\..\Documents\doxyen\export\html\_settings_8cs_source.html
		..\..\..\..\Documents\doxyen\export\html\_student_8cs.html = ..\..\..\..\Documents\doxyen\export\html\_student_8cs.html
		..\..\..\..\Documents\doxyen\export\html\_student_8cs_source.html = ..\..\..\..\Documents\doxyen\export\html\_student_8cs_source.html
		..\..\..\..\Documents\doxyen\export\html\_students_8cs.html = ..\..\..\..\Documents\doxyen\export\html\_students_8cs.html
		..\..\..\..\Documents\doxyen\export\html\_students_8cs_source.html = ..\..\..\..\Documents\doxyen\export\html\_students_8cs_source.html
		..\..\..\..\Documents\doxyen\export\html\annotated.html = ..\..\..\..\Documents\doxyen\export\html\annotated.html
		..\..\..\..\Documents\doxyen\export\html\annotated_dup.js = ..\..\..\..\Documents\doxyen\export\html\annotated_dup.js
		..\..\..\..\Documents\doxyen\export\html\bc_s.png = ..\..\..\..\Documents\doxyen\export\html\bc_s.png
		..\..\..\..\Documents\doxyen\export\html\bdwn.png = ..\..\..\..\Documents\doxyen\export\html\bdwn.png
		..\..\..\..\Documents\doxyen\export\html\bin_2_debug_2netcoreapp3_80_2studentai_8txt.html = ..\..\..\..\Documents\doxyen\export\html\bin_2_debug_2netcoreapp3_80_2studentai_8txt.html
		..\..\..\..\Documents\doxyen\export\html\class_integruotos__programavimo__aplinkos_1_1_grades-members.html = ..\..\..\..\Documents\doxyen\export\html\class_integruotos__programavimo__aplinkos_1_1_grades-members.html
		..\..\..\..\Documents\doxyen\export\html\class_integruotos__programavimo__aplinkos_1_1_grades.html = ..\..\..\..\Documents\doxyen\export\html\class_integruotos__programavimo__aplinkos_1_1_grades.html
		..\..\..\..\Documents\doxyen\export\html\class_integruotos__programavimo__aplinkos_1_1_grades.js = ..\..\..\..\Documents\doxyen\export\html\class_integruotos__programavimo__aplinkos_1_1_grades.js
		..\..\..\..\Documents\doxyen\export\html\class_integruotos__programavimo__aplinkos_1_1_grades.png = ..\..\..\..\Documents\doxyen\export\html\class_integruotos__programavimo__aplinkos_1_1_grades.png
		..\..\..\..\Documents\doxyen\export\html\class_integruotos__programavimo__aplinkos_1_1_program-members.html = ..\..\..\..\Documents\doxyen\export\html\class_integruotos__programavimo__aplinkos_1_1_program-members.html
		..\..\..\..\Documents\doxyen\export\html\class_integruotos__programavimo__aplinkos_1_1_program.html = ..\..\..\..\Documents\doxyen\export\html\class_integruotos__programavimo__aplinkos_1_1_program.html
		..\..\..\..\Documents\doxyen\export\html\class_integruotos__programavimo__aplinkos_1_1_student-members.html = ..\..\..\..\Documents\doxyen\export\html\class_integruotos__programavimo__aplinkos_1_1_student-members.html
		..\..\..\..\Documents\doxyen\export\html\class_integruotos__programavimo__aplinkos_1_1_student.html = ..\..\..\..\Documents\doxyen\export\html\class_integruotos__programavimo__aplinkos_1_1_student.html
		..\..\..\..\Documents\doxyen\export\html\class_integruotos__programavimo__aplinkos_1_1_student.js = ..\..\..\..\Documents\doxyen\export\html\class_integruotos__programavimo__aplinkos_1_1_student.js
		..\..\..\..\Documents\doxyen\export\html\class_integruotos__programavimo__aplinkos_1_1_student.png = ..\..\..\..\Documents\doxyen\export\html\class_integruotos__programavimo__aplinkos_1_1_student.png
		..\..\..\..\Documents\doxyen\export\html\class_integruotos__programavimo__aplinkos_1_1_students-members.html = ..\..\..\..\Documents\doxyen\export\html\class_integruotos__programavimo__aplinkos_1_1_students-members.html
		..\..\..\..\Documents\doxyen\export\html\class_integruotos__programavimo__aplinkos_1_1_students.html = ..\..\..\..\Documents\doxyen\export\html\class_integruotos__programavimo__aplinkos_1_1_students.html
		..\..\..\..\Documents\doxyen\export\html\class_integruotos__programavimo__aplinkos_1_1_students.js = ..\..\..\..\Documents\doxyen\export\html\class_integruotos__programavimo__aplinkos_1_1_students.js
		..\..\..\..\Documents\doxyen\export\html\class_integruotos__programavimo__aplinkos_1_1helper_1_1_formulas-members.html = ..\..\..\..\Documents\doxyen\export\html\class_integruotos__programavimo__aplinkos_1_1helper_1_1_formulas-members.html
		..\..\..\..\Documents\doxyen\export\html\class_integruotos__programavimo__aplinkos_1_1helper_1_1_formulas.html = ..\..\..\..\Documents\doxyen\export\html\class_integruotos__programavimo__aplinkos_1_1helper_1_1_formulas.html
		..\..\..\..\Documents\doxyen\export\html\class_integruotos__programavimo__aplinkos_1_1helper_1_1_screen_manager-members.html = ..\..\..\..\Documents\doxyen\export\html\class_integruotos__programavimo__aplinkos_1_1helper_1_1_screen_manager-members.html
		..\..\..\..\Documents\doxyen\export\html\class_integruotos__programavimo__aplinkos_1_1helper_1_1_screen_manager.html = ..\..\..\..\Documents\doxyen\export\html\class_integruotos__programavimo__aplinkos_1_1helper_1_1_screen_manager.html
		..\..\..\..\Documents\doxyen\export\html\class_integruotos__programavimo__aplinkos_1_1helper_1_1_screen_manager.js = ..\..\..\..\Documents\doxyen\export\html\class_integruotos__programavimo__aplinkos_1_1helper_1_1_screen_manager.js
		..\..\..\..\Documents\doxyen\export\html\classes.html = ..\..\..\..\Documents\doxyen\export\html\classes.html
		..\..\..\..\Documents\doxyen\export\html\closed.png = ..\..\..\..\Documents\doxyen\export\html\closed.png
		..\..\..\..\Documents\doxyen\export\html\dir_126d1b94bb3afee95e9f22edbbf941a6.html = ..\..\..\..\Documents\doxyen\export\html\dir_126d1b94bb3afee95e9f22edbbf941a6.html
		..\..\..\..\Documents\doxyen\export\html\dir_126d1b94bb3afee95e9f22edbbf941a6.js = ..\..\..\..\Documents\doxyen\export\html\dir_126d1b94bb3afee95e9f22edbbf941a6.js
		..\..\..\..\Documents\doxyen\export\html\dir_3b1b471d406b669a561028ca314abbdb.html = ..\..\..\..\Documents\doxyen\export\html\dir_3b1b471d406b669a561028ca314abbdb.html
		..\..\..\..\Documents\doxyen\export\html\dir_3b1b471d406b669a561028ca314abbdb.js = ..\..\..\..\Documents\doxyen\export\html\dir_3b1b471d406b669a561028ca314abbdb.js
		..\..\..\..\Documents\doxyen\export\html\dir_5c438ad76de91cb4cf83947165452e95.html = ..\..\..\..\Documents\doxyen\export\html\dir_5c438ad76de91cb4cf83947165452e95.html
		..\..\..\..\Documents\doxyen\export\html\dir_764efc6737978f0f2a807326b4445caf.html = ..\..\..\..\Documents\doxyen\export\html\dir_764efc6737978f0f2a807326b4445caf.html
		..\..\..\..\Documents\doxyen\export\html\dir_764efc6737978f0f2a807326b4445caf.js = ..\..\..\..\Documents\doxyen\export\html\dir_764efc6737978f0f2a807326b4445caf.js
		..\..\..\..\Documents\doxyen\export\html\dir_783053fbf8e727b729a19bf3c4b27b89.html = ..\..\..\..\Documents\doxyen\export\html\dir_783053fbf8e727b729a19bf3c4b27b89.html
		..\..\..\..\Documents\doxyen\export\html\dir_783053fbf8e727b729a19bf3c4b27b89.js = ..\..\..\..\Documents\doxyen\export\html\dir_783053fbf8e727b729a19bf3c4b27b89.js
		..\..\..\..\Documents\doxyen\export\html\dir_7859a34ffef41d3639d9f021d700bc9c.html = ..\..\..\..\Documents\doxyen\export\html\dir_7859a34ffef41d3639d9f021d700bc9c.html
		..\..\..\..\Documents\doxyen\export\html\dir_7859a34ffef41d3639d9f021d700bc9c.js = ..\..\..\..\Documents\doxyen\export\html\dir_7859a34ffef41d3639d9f021d700bc9c.js
		..\..\..\..\Documents\doxyen\export\html\dir_7995244d12916a7dfb8441fc308aad6f.html = ..\..\..\..\Documents\doxyen\export\html\dir_7995244d12916a7dfb8441fc308aad6f.html
		..\..\..\..\Documents\doxyen\export\html\dir_7995244d12916a7dfb8441fc308aad6f.js = ..\..\..\..\Documents\doxyen\export\html\dir_7995244d12916a7dfb8441fc308aad6f.js
		..\..\..\..\Documents\doxyen\export\html\dir_9685ad1da909ae81dbbcaa4e6312f909.html = ..\..\..\..\Documents\doxyen\export\html\dir_9685ad1da909ae81dbbcaa4e6312f909.html
		..\..\..\..\Documents\doxyen\export\html\dir_9685ad1da909ae81dbbcaa4e6312f909.js = ..\..\..\..\Documents\doxyen\export\html\dir_9685ad1da909ae81dbbcaa4e6312f909.js
		..\..\..\..\Documents\doxyen\export\html\dir_a2b76a83aab0e018509b0b2ff95b3a90.html = ..\..\..\..\Documents\doxyen\export\html\dir_a2b76a83aab0e018509b0b2ff95b3a90.html
		..\..\..\..\Documents\doxyen\export\html\dir_a2b76a83aab0e018509b0b2ff95b3a90.js = ..\..\..\..\Documents\doxyen\export\html\dir_a2b76a83aab0e018509b0b2ff95b3a90.js
		..\..\..\..\Documents\doxyen\export\html\dir_b2f33c71d4aa5e7af42a1ca61ff5af1b.html = ..\..\..\..\Documents\doxyen\export\html\dir_b2f33c71d4aa5e7af42a1ca61ff5af1b.html
		..\..\..\..\Documents\doxyen\export\html\dir_b2f33c71d4aa5e7af42a1ca61ff5af1b.js = ..\..\..\..\Documents\doxyen\export\html\dir_b2f33c71d4aa5e7af42a1ca61ff5af1b.js
		..\..\..\..\Documents\doxyen\export\html\dir_c417f1eb4ccbfd1e42e5cfc081c38c7e.html = ..\..\..\..\Documents\doxyen\export\html\dir_c417f1eb4ccbfd1e42e5cfc081c38c7e.html
		..\..\..\..\Documents\doxyen\export\html\dir_c417f1eb4ccbfd1e42e5cfc081c38c7e.js = ..\..\..\..\Documents\doxyen\export\html\dir_c417f1eb4ccbfd1e42e5cfc081c38c7e.js
		..\..\..\..\Documents\doxyen\export\html\dir_da92606663f4ecb03aa66c183f15dac3.html = ..\..\..\..\Documents\doxyen\export\html\dir_da92606663f4ecb03aa66c183f15dac3.html
		..\..\..\..\Documents\doxyen\export\html\dir_da92606663f4ecb03aa66c183f15dac3.js = ..\..\..\..\Documents\doxyen\export\html\dir_da92606663f4ecb03aa66c183f15dac3.js
		..\..\..\..\Documents\doxyen\export\html\dir_e01f73401d04e375ee965a88fa57dc0f.html = ..\..\..\..\Documents\doxyen\export\html\dir_e01f73401d04e375ee965a88fa57dc0f.html
		..\..\..\..\Documents\doxyen\export\html\dir_e01f73401d04e375ee965a88fa57dc0f.js = ..\..\..\..\Documents\doxyen\export\html\dir_e01f73401d04e375ee965a88fa57dc0f.js
		..\..\..\..\Documents\doxyen\export\html\dir_e9e29cf988f2e651bda244dcf0a8a064.html = ..\..\..\..\Documents\doxyen\export\html\dir_e9e29cf988f2e651bda244dcf0a8a064.html
		..\..\..\..\Documents\doxyen\export\html\dir_e9e29cf988f2e651bda244dcf0a8a064.js = ..\..\..\..\Documents\doxyen\export\html\dir_e9e29cf988f2e651bda244dcf0a8a064.js
		..\..\..\..\Documents\doxyen\export\html\dir_ecbf167bb933f3d5562854dbb6995ccf.html = ..\..\..\..\Documents\doxyen\export\html\dir_ecbf167bb933f3d5562854dbb6995ccf.html
		..\..\..\..\Documents\doxyen\export\html\dir_ecbf167bb933f3d5562854dbb6995ccf.js = ..\..\..\..\Documents\doxyen\export\html\dir_ecbf167bb933f3d5562854dbb6995ccf.js
		..\..\..\..\Documents\doxyen\export\html\doc.png = ..\..\..\..\Documents\doxyen\export\html\doc.png
		..\..\..\..\Documents\doxyen\export\html\doxygen.css = ..\..\..\..\Documents\doxyen\export\html\doxygen.css
		..\..\..\..\Documents\doxyen\export\html\doxygen.png = ..\..\..\..\Documents\doxyen\export\html\doxygen.png
		..\..\..\..\Documents\doxyen\export\html\dynsections.js = ..\..\..\..\Documents\doxyen\export\html\dynsections.js
		..\..\..\..\Documents\doxyen\export\html\files.html = ..\..\..\..\Documents\doxyen\export\html\files.html
		..\..\..\..\Documents\doxyen\export\html\files_dup.js = ..\..\..\..\Documents\doxyen\export\html\files_dup.js
		..\..\..\..\Documents\doxyen\export\html\folderclosed.png = ..\..\..\..\Documents\doxyen\export\html\folderclosed.png
		..\..\..\..\Documents\doxyen\export\html\folderopen.png = ..\..\..\..\Documents\doxyen\export\html\folderopen.png
		..\..\..\..\Documents\doxyen\export\html\functions.html = ..\..\..\..\Documents\doxyen\export\html\functions.html
		..\..\..\..\Documents\doxyen\export\html\functions_func.html = ..\..\..\..\Documents\doxyen\export\html\functions_func.html
		..\..\..\..\Documents\doxyen\export\html\functions_prop.html = ..\..\..\..\Documents\doxyen\export\html\functions_prop.html
		..\..\..\..\Documents\doxyen\export\html\functions_vars.html = ..\..\..\..\Documents\doxyen\export\html\functions_vars.html
		..\..\..\..\Documents\doxyen\export\html\hierarchy.html = ..\..\..\..\Documents\doxyen\export\html\hierarchy.html
		..\..\..\..\Documents\doxyen\export\html\hierarchy.js = ..\..\..\..\Documents\doxyen\export\html\hierarchy.js
		..\..\..\..\Documents\doxyen\export\html\index.html = ..\..\..\..\Documents\doxyen\export\html\index.html
		..\..\..\..\Documents\doxyen\export\html\jquery.js = ..\..\..\..\Documents\doxyen\export\html\jquery.js
		..\..\..\..\Documents\doxyen\export\html\md__c_1__users_e0071444_source_repos_domis045__integruotos-programavimo-aplinkos__r_e_a_d_m_e.html = ..\..\..\..\Documents\doxyen\export\html\md__c_1__users_e0071444_source_repos_domis045__integruotos-programavimo-aplinkos__r_e_a_d_m_e.html
		..\..\..\..\Documents\doxyen\export\html\menu.js = ..\..\..\..\Documents\doxyen\export\html\menu.js
		..\..\..\..\Documents\doxyen\export\html\menudata.js = ..\..\..\..\Documents\doxyen\export\html\menudata.js
		..\..\..\..\Documents\doxyen\export\html\namespace_integruotos__programavimo__aplinkos.html = ..\..\..\..\Documents\doxyen\export\html\namespace_integruotos__programavimo__aplinkos.html
		..\..\..\..\Documents\doxyen\export\html\namespace_integruotos__programavimo__aplinkos.js = ..\..\..\..\Documents\doxyen\export\html\namespace_integruotos__programavimo__aplinkos.js
		..\..\..\..\Documents\doxyen\export\html\namespace_integruotos__programavimo__aplinkos_1_1helper.html = ..\..\..\..\Documents\doxyen\export\html\namespace_integruotos__programavimo__aplinkos_1_1helper.html
		..\..\..\..\Documents\doxyen\export\html\namespace_integruotos__programavimo__aplinkos_1_1helper.js = ..\..\..\..\Documents\doxyen\export\html\namespace_integruotos__programavimo__aplinkos_1_1helper.js
		..\..\..\..\Documents\doxyen\export\html\namespaces.html = ..\..\..\..\Documents\doxyen\export\html\namespaces.html
		..\..\..\..\Documents\doxyen\export\html\namespaces_dup.js = ..\..\..\..\Documents\doxyen\export\html\namespaces_dup.js
		..\..\..\..\Documents\doxyen\export\html\nav_f.png = ..\..\..\..\Documents\doxyen\export\html\nav_f.png
		..\..\..\..\Documents\doxyen\export\html\nav_g.png = ..\..\..\..\Documents\doxyen\export\html\nav_g.png
		..\..\..\..\Documents\doxyen\export\html\nav_h.png = ..\..\..\..\Documents\doxyen\export\html\nav_h.png
		..\..\..\..\Documents\doxyen\export\html\navtree.css = ..\..\..\..\Documents\doxyen\export\html\navtree.css
		..\..\..\..\Documents\doxyen\export\html\navtree.js = ..\..\..\..\Documents\doxyen\export\html\navtree.js
		..\..\..\..\Documents\doxyen\export\html\navtreedata.js = ..\..\..\..\Documents\doxyen\export\html\navtreedata.js
		..\..\..\..\Documents\doxyen\export\html\navtreeindex0.js = ..\..\..\..\Documents\doxyen\export\html\navtreeindex0.js
		..\..\..\..\Documents\doxyen\export\html\open.png = ..\..\..\..\Documents\doxyen\export\html\open.png
		..\..\..\..\Documents\doxyen\export\html\pages.html = ..\..\..\..\Documents\doxyen\export\html\pages.html
		..\..\..\..\Documents\doxyen\export\html\resize.js = ..\..\..\..\Documents\doxyen\export\html\resize.js
		..\..\..\..\Documents\doxyen\export\html\splitbar.png = ..\..\..\..\Documents\doxyen\export\html\splitbar.png
		..\..\..\..\Documents\doxyen\export\html\studentai_8txt.html = ..\..\..\..\Documents\doxyen\export\html\studentai_8txt.html
		..\..\..\..\Documents\doxyen\export\html\sync_off.png = ..\..\..\..\Documents\doxyen\export\html\sync_off.png
		..\..\..\..\Documents\doxyen\export\html\sync_on.png = ..\..\..\..\Documents\doxyen\export\html\sync_on.png
		..\..\..\..\Documents\doxyen\export\html\tab_a.png = ..\..\..\..\Documents\doxyen\export\html\tab_a.png
		..\..\..\..\Documents\doxyen\export\html\tab_b.png = ..\..\..\..\Documents\doxyen\export\html\tab_b.png
		..\..\..\..\Documents\doxyen\export\html\tab_h.png = ..\..\..\..\Documents\doxyen\export\html\tab_h.png
		..\..\..\..\Documents\doxyen\export\html\tab_s.png = ..\..\..\..\Documents\doxyen\export\html\tab_s.png
		..\..\..\..\Documents\doxyen\export\html\tabs.css = ..\..\..\..\Documents\doxyen\export\html\tabs.css
	EndProjectSection
EndProject
Global
	GlobalSection(SolutionConfigurationPlatforms) = preSolution
		Debug|Any CPU = Debug|Any CPU
		Release|Any CPU = Release|Any CPU
	EndGlobalSection
	GlobalSection(ProjectConfigurationPlatforms) = postSolution
		{AF4005AA-E65F-49B9-A716-6563BAFB14E1}.Debug|Any CPU.ActiveCfg = Debug|Any CPU
		{AF4005AA-E65F-49B9-A716-6563BAFB14E1}.Debug|Any CPU.Build.0 = Debug|Any CPU
		{AF4005AA-E65F-49B9-A716-6563BAFB14E1}.Release|Any CPU.ActiveCfg = Release|Any CPU
		{AF4005AA-E65F-49B9-A716-6563BAFB14E1}.Release|Any CPU.Build.0 = Release|Any CPU
	EndGlobalSection
	GlobalSection(SolutionProperties) = preSolution
		HideSolutionNode = FALSE
	EndGlobalSection
	GlobalSection(ExtensibilityGlobals) = postSolution
		SolutionGuid = {197D6208-03CB-45E6-969D-F1E1B7336E11}
	EndGlobalSection
EndGlobal
